
Microsoft Visual Studio Solution File, Format Version 12.00
# Visual Studio Version 17
VisualStudioVersion = 17.10.35013.160
MinimumVisualStudioVersion = 10.0.40219.1
Project("{FAE04EC0-301F-11D3-BF4B-00C04F79EFBC}") = "RazorPagesSamples", "RazorPagesSamples.csproj", "{C5A929E6-58D2-4D9B-9A47-C5B420A3018E}"
EndProject
Global
	GlobalSection(SolutionConfigurationPlatforms) = preSolution
		Debug|Any CPU = Debug|Any CPU
		Release|Any CPU = Release|Any CPU
	EndGlobalSection
	GlobalSection(ProjectConfigurationPlatforms) = postSolution
		{C5A929E6-58D2-4D9B-9A47-C5B420A3018E}.Debug|Any CPU.ActiveCfg = Debug|Any CPU
		{C5A929E6-58D2-4D9B-9A47-C5B420A3018E}.Debug|Any CPU.Build.0 = Debug|Any CPU
		{C5A929E6-58D2-4D9B-9A47-C5B420A3018E}.Release|Any CPU.ActiveCfg = Release|Any CPU
		{C5A929E6-58D2-4D9B-9A47-C5B420A3018E}.Release|Any CPU.Build.0 = Release|Any CPU
	EndGlobalSection
	GlobalSection(SolutionProperties) = preSolution
		HideSolutionNode = FALSE
	EndGlobalSection
	GlobalSection(ExtensibilityGlobals) = postSolution
		SolutionGuid = {ADC63625-A546-4D23-8906-DF014E00CF01}
	EndGlobalSection
EndGlobal
